<?xml version="1.0" encoding="utf-8"?>
<Project ToolsVersion="4.0" xmlns="http://schemas.microsoft.com/developer/msbuild/2003">
  <ItemGroup>
    <Filter Include="Source Files">
      <UniqueIdentifier>{4FC737F1-C7A5-4376-A066-2A32D752A2FF}</UniqueIdentifier>
      <Extensions>cpp;c;cc;cxx;def;odl;idl;hpj;bat;asm;asmx</Extensions>
    </Filter>
    <Filter Include="Header Files">
      <UniqueIdentifier>{93995380-89BD-4b04-88EB-625FBE52EBFB}</UniqueIdentifier>
      <Extensions>h;hh;hpp;hxx;hm;inl;inc;xsd</Extensions>
    </Filter>
    <Filter Include="Resource Files">
      <UniqueIdentifier>{67DA6AB6-F800-4c08-8B7A-83BB121AAD01}</UniqueIdentifier>
      <Extensions>rc;ico;cur;bmp;dlg;rc2;rct;bin;rgs;gif;jpg;jpeg;jpe;resx;tiff;tif;png;wav;mfcribbon-ms</Extensions>
    </Filter>
  </ItemGroup>
  <ItemGroup>
    <ClInclude Include="Game\Utilities\rt3d.h">
      <Filter>Header Files</Filter>
    </ClInclude>
    <ClInclude Include="Game\Utilities\rt3dObjLoader.h">
      <Filter>Header Files</Filter>
    </ClInclude>
    <ClInclude Include="Game\Utilities\Utilities.h">
      <Filter>Header Files</Filter>
    </ClInclude>
    <ClInclude Include="Game\Camera.h">
      <Filter>Header Files</Filter>
    </ClInclude>
    <ClInclude Include="Game\cube.h">
      <Filter>Header Files</Filter>
    </ClInclude>
    <ClInclude Include="Game\Game.h">
      <Filter>Header Files</Filter>
    </ClInclude>
    <ClInclude Include="Game\HUD.h">
      <Filter>Header Files</Filter>
    </ClInclude>
    <ClInclude Include="Game\Lights.h">
      <Filter>Header Files</Filter>
    </ClInclude>
    <ClInclude Include="Game\SceneObjects.h">
      <Filter>Header Files</Filter>
    </ClInclude>
    <ClInclude Include="Game\Skybox.h">
      <Filter>Header Files</Filter>
    </ClInclude>
    <ClInclude Include="Game\Utilities\anorms.h">
      <Filter>Header Files</Filter>
    </ClInclude>
    <ClInclude Include="Game\Utilities\AABB.hpp">
      <Filter>Header Files</Filter>
    </ClInclude>
  </ItemGroup>
  <ItemGroup>
    <Font Include="Assets\Fonts\Elementary_Gothic_Scaled.ttf">
      <Filter>Resource Files</Filter>
    </Font>
    <Font Include="Assets\Fonts\MavenPro-Regular.ttf">
      <Filter>Resource Files</Filter>
    </Font>
  </ItemGroup>
  <ItemGroup>
    <None Include="Assets\Shaders\cubemap.frag">
      <Filter>Resource Files</Filter>
    </None>
    <None Include="Assets\Shaders\cubemap.vert">
      <Filter>Resource Files</Filter>
    </None>
    <None Include="Assets\Shaders\lightmap.frag">
      <Filter>Resource Files</Filter>
    </None>
    <None Include="Assets\Shaders\lightmap.vert">
      <Filter>Resource Files</Filter>
    </None>
    <None Include="Assets\Shaders\phong-tex.vert">
      <Filter>Resource Files</Filter>
    </None>
    <None Include="Assets\Shaders\textured.frag">
      <Filter>Resource Files</Filter>
    </None>
    <None Include="Assets\Shaders\textured.vert">
      <Filter>Resource Files</Filter>
    </None>
    <None Include="Assets\Shaders\phong-tex-2L.frag">
      <Filter>Resource Files</Filter>
    </None>
    <None Include="Assets\Shaders\phong-tex.frag">
      <Filter>Resource Files</Filter>
    </None>
    <None Include="Assets\Shaders\phong-tex-2L.vert">
      <Filter>Resource Files</Filter>
    </None>
    <None Include="Assets\Shaders\lightmap2L.frag">
      <Filter>Resource Files</Filter>
    </None>
    <None Include="Assets\Shaders\lightmap2L.vert">
      <Filter>Resource Files</Filter>
    </None>
  </ItemGroup>
  <ItemGroup>
    <Image Include="Assets\Textures\MetalBox.bmp">
      <Filter>Resource Files</Filter>
    </Image>
    <Image Include="Assets\Textures\MetalBox2.bmp">
      <Filter>Resource Files</Filter>
    </Image>
    <Image Include="Assets\Textures\MetalBox2LightMap.bmp">
      <Filter>Resource Files</Filter>
    </Image>
    <Image Include="Assets\Textures\MetalBoxLightMapAdvanced.bmp">
      <Filter>Resource Files</Filter>
    </Image>
  </ItemGroup>
  <ItemGroup>
    <ClCompile Include="Game\Utilities\rt3d.cpp">
      <Filter>Source Files</Filter>
    </ClCompile>
    <ClCompile Include="Game\Utilities\rt3dObjLoader.cpp">
      <Filter>Source Files</Filter>
    </ClCompile>
    <ClCompile Include="Game\Utilities\Utilities.cpp">
      <Filter>Source Files</Filter>
    </ClCompile>
    <ClCompile Include="Game\Camera.cpp">
      <Filter>Source Files</Filter>
    </ClCompile>
    <ClCompile Include="Game\Game.cpp">
      <Filter>Source Files</Filter>
    </ClCompile>
    <ClCompile Include="Game\HUD.cpp">
      <Filter>Source Files</Filter>
    </ClCompile>
    <ClCompile Include="Game\Lights.cpp">
      <Filter>Source Files</Filter>
    </ClCompile>
    <ClCompile Include="Game\SceneObjects.cpp">
      <Filter>Source Files</Filter>
    </ClCompile>
    <ClCompile Include="Game\Skybox.cpp">
      <Filter>Source Files</Filter>
    </ClCompile>
    <ClCompile Include="main.cpp">
      <Filter>Source Files</Filter>
    </ClCompile>
    <ClCompile Include="Game\Utilities\AABB.cpp">
      <Filter>Source Files</Filter>
    </ClCompile>
  </ItemGroup>
</Project>